
Microsoft Visual Studio Solution File, Format Version 12.00
# Visual Studio Version 17
VisualStudioVersion = 17.14.36408.4 d17.14
MinimumVisualStudioVersion = 10.0.40219.1
Project("{FAE04EC0-301F-11D3-BF4B-00C04F79EFBC}") = "ProjectX", "ProjectX.csproj", "{B95070E8-B559-4E00-865D-083E8FEB02BA}"
EndProject
Global
	GlobalSection(SolutionConfigurationPlatforms) = preSolution
		Debug|Any CPU = Debug|Any CPU
		Release|Any CPU = Release|Any CPU
	EndGlobalSection
	GlobalSection(ProjectConfigurationPlatforms) = postSolution
		{B95070E8-B559-4E00-865D-083E8FEB02BA}.Debug|Any CPU.ActiveCfg = Debug|Any CPU
		{B95070E8-B559-4E00-865D-083E8FEB02BA}.Debug|Any CPU.Build.0 = Debug|Any CPU
		{B95070E8-B559-4E00-865D-083E8FEB02BA}.Release|Any CPU.ActiveCfg = Release|Any CPU
		{B95070E8-B559-4E00-865D-083E8FEB02BA}.Release|Any CPU.Build.0 = Release|Any CPU
	EndGlobalSection
	GlobalSection(SolutionProperties) = preSolution
		HideSolutionNode = FALSE
	EndGlobalSection
	GlobalSection(ExtensibilityGlobals) = postSolution
		SolutionGuid = {032641C4-98C8-431F-BC22-1B10CBDE2A5B}
	EndGlobalSection
EndGlobal
